
Microsoft Visual Studio Solution File, Format Version 12.00
# Visual Studio Version 17
VisualStudioVersion = 17.0.31903.59
MinimumVisualStudioVersion = 10.0.40219.1
Project("{2150E333-8FDC-42A3-9474-1A3956D46DE8}") = "src", "src", "{827E0CD3-B72D-47B6-A68D-7590B98EB39B}"
EndProject
Project("{FAE04EC0-301F-11D3-BF4B-00C04F79EFBC}") = "OnlineStore.Api", "src\OnlineStore.Api\OnlineStore.Api.csproj", "{579D46B9-A8FF-4DDE-BAD5-ACA76B6E7320}"
EndProject
Project("{FAE04EC0-301F-11D3-BF4B-00C04F79EFBC}") = "OnlineStore.Core", "src\OnlineStore.Core\OnlineStore.Core.csproj", "{89AA9C36-91F2-4C52-8FAD-A6F7BC65E6F9}"
EndProject
Project("{2150E333-8FDC-42A3-9474-1A3956D46DE8}") = "tests", "tests", "{0AB3BF05-4346-4AA6-1389-037BE0695223}"
EndProject
Project("{FAE04EC0-301F-11D3-BF4B-00C04F79EFBC}") = "OnlineStore.Tests", "tests\OnlineStore.Tests\OnlineStore.Tests.csproj", "{C64A49A9-EAEF-4590-9726-F0D6A34F21D1}"
EndProject
Global
	GlobalSection(SolutionConfigurationPlatforms) = preSolution
		Debug|Any CPU = Debug|Any CPU
		Debug|x64 = Debug|x64
		Debug|x86 = Debug|x86
		Release|Any CPU = Release|Any CPU
		Release|x64 = Release|x64
		Release|x86 = Release|x86
	EndGlobalSection
	GlobalSection(ProjectConfigurationPlatforms) = postSolution
		{579D46B9-A8FF-4DDE-BAD5-ACA76B6E7320}.Debug|Any CPU.ActiveCfg = Debug|Any CPU
		{579D46B9-A8FF-4DDE-BAD5-ACA76B6E7320}.Debug|Any CPU.Build.0 = Debug|Any CPU
		{579D46B9-A8FF-4DDE-BAD5-ACA76B6E7320}.Debug|x64.ActiveCfg = Debug|Any CPU
		{579D46B9-A8FF-4DDE-BAD5-ACA76B6E7320}.Debug|x64.Build.0 = Debug|Any CPU
		{579D46B9-A8FF-4DDE-BAD5-ACA76B6E7320}.Debug|x86.ActiveCfg = Debug|Any CPU
		{579D46B9-A8FF-4DDE-BAD5-ACA76B6E7320}.Debug|x86.Build.0 = Debug|Any CPU
		{579D46B9-A8FF-4DDE-BAD5-ACA76B6E7320}.Release|Any CPU.ActiveCfg = Release|Any CPU
		{579D46B9-A8FF-4DDE-BAD5-ACA76B6E7320}.Release|Any CPU.Build.0 = Release|Any CPU
		{579D46B9-A8FF-4DDE-BAD5-ACA76B6E7320}.Release|x64.ActiveCfg = Release|Any CPU
		{579D46B9-A8FF-4DDE-BAD5-ACA76B6E7320}.Release|x64.Build.0 = Release|Any CPU
		{579D46B9-A8FF-4DDE-BAD5-ACA76B6E7320}.Release|x86.ActiveCfg = Release|Any CPU
		{579D46B9-A8FF-4DDE-BAD5-ACA76B6E7320}.Release|x86.Build.0 = Release|Any CPU
		{89AA9C36-91F2-4C52-8FAD-A6F7BC65E6F9}.Debug|Any CPU.ActiveCfg = Debug|Any CPU
		{89AA9C36-91F2-4C52-8FAD-A6F7BC65E6F9}.Debug|Any CPU.Build.0 = Debug|Any CPU
		{89AA9C36-91F2-4C52-8FAD-A6F7BC65E6F9}.Debug|x64.ActiveCfg = Debug|Any CPU
		{89AA9C36-91F2-4C52-8FAD-A6F7BC65E6F9}.Debug|x64.Build.0 = Debug|Any CPU
		{89AA9C36-91F2-4C52-8FAD-A6F7BC65E6F9}.Debug|x86.ActiveCfg = Debug|Any CPU
		{89AA9C36-91F2-4C52-8FAD-A6F7BC65E6F9}.Debug|x86.Build.0 = Debug|Any CPU
		{89AA9C36-91F2-4C52-8FAD-A6F7BC65E6F9}.Release|Any CPU.ActiveCfg = Release|Any CPU
		{89AA9C36-91F2-4C52-8FAD-A6F7BC65E6F9}.Release|Any CPU.Build.0 = Release|Any CPU
		{89AA9C36-91F2-4C52-8FAD-A6F7BC65E6F9}.Release|x64.ActiveCfg = Release|Any CPU
		{89AA9C36-91F2-4C52-8FAD-A6F7BC65E6F9}.Release|x64.Build.0 = Release|Any CPU
		{89AA9C36-91F2-4C52-8FAD-A6F7BC65E6F9}.Release|x86.ActiveCfg = Release|Any CPU
		{89AA9C36-91F2-4C52-8FAD-A6F7BC65E6F9}.Release|x86.Build.0 = Release|Any CPU
		{C64A49A9-EAEF-4590-9726-F0D6A34F21D1}.Debug|Any CPU.ActiveCfg = Debug|Any CPU
		{C64A49A9-EAEF-4590-9726-F0D6A34F21D1}.Debug|Any CPU.Build.0 = Debug|Any CPU
		{C64A49A9-EAEF-4590-9726-F0D6A34F21D1}.Debug|x64.ActiveCfg = Debug|Any CPU
		{C64A49A9-EAEF-4590-9726-F0D6A34F21D1}.Debug|x64.Build.0 = Debug|Any CPU
		{C64A49A9-EAEF-4590-9726-F0D6A34F21D1}.Debug|x86.ActiveCfg = Debug|Any CPU
		{C64A49A9-EAEF-4590-9726-F0D6A34F21D1}.Debug|x86.Build.0 = Debug|Any CPU
		{C64A49A9-EAEF-4590-9726-F0D6A34F21D1}.Release|Any CPU.ActiveCfg = Release|Any CPU
		{C64A49A9-EAEF-4590-9726-F0D6A34F21D1}.Release|Any CPU.Build.0 = Release|Any CPU
		{C64A49A9-EAEF-4590-9726-F0D6A34F21D1}.Release|x64.ActiveCfg = Release|Any CPU
		{C64A49A9-EAEF-4590-9726-F0D6A34F21D1}.Release|x64.Build.0 = Release|Any CPU
		{C64A49A9-EAEF-4590-9726-F0D6A34F21D1}.Release|x86.ActiveCfg = Release|Any CPU
		{C64A49A9-EAEF-4590-9726-F0D6A34F21D1}.Release|x86.Build.0 = Release|Any CPU
	EndGlobalSection
	GlobalSection(SolutionProperties) = preSolution
		HideSolutionNode = FALSE
	EndGlobalSection
	GlobalSection(NestedProjects) = preSolution
		{579D46B9-A8FF-4DDE-BAD5-ACA76B6E7320} = {827E0CD3-B72D-47B6-A68D-7590B98EB39B}
		{89AA9C36-91F2-4C52-8FAD-A6F7BC65E6F9} = {827E0CD3-B72D-47B6-A68D-7590B98EB39B}
		{C64A49A9-EAEF-4590-9726-F0D6A34F21D1} = {0AB3BF05-4346-4AA6-1389-037BE0695223}
	EndGlobalSection
EndGlobal
